// !$*UTF8*$!
{
	archiveVersion = 1;
	classes = {
	};
	objectVersion = 77;
	objects = {

/* Begin PBXContainerItemProxy section */
		6453DFD72CEB5F6200790A1C /* PBXContainerItemProxy */ = {
			isa = PBXContainerItemProxy;
			containerPortal = 6453DFBD2CEB5F6000790A1C /* Project object */;
			proxyType = 1;
			remoteGlobalIDString = 6453DFC42CEB5F6000790A1C;
			remoteInfo = LinnarBillmanDemo;
		};
		6453DFE12CEB5F6200790A1C /* PBXContainerItemProxy */ = {
			isa = PBXContainerItemProxy;
			containerPortal = 6453DFBD2CEB5F6000790A1C /* Project object */;
			proxyType = 1;
			remoteGlobalIDString = 6453DFC42CEB5F6000790A1C;
			remoteInfo = LinnarBillmanDemo;
		};
/* End PBXContainerItemProxy section */

/* Begin PBXFileReference section */
		6453DFC52CEB5F6000790A1C /* LinnarBillmanDemo.app */ = {isa = PBXFileReference; explicitFileType = wrapper.application; includeInIndex = 0; path = LinnarBillmanDemo.app; sourceTree = BUILT_PRODUCTS_DIR; };
		6453DFD62CEB5F6200790A1C /* LinnarBillmanDemoTests.xctest */ = {isa = PBXFileReference; explicitFileType = wrapper.cfbundle; includeInIndex = 0; path = LinnarBillmanDemoTests.xctest; sourceTree = BUILT_PRODUCTS_DIR; };
		6453DFE02CEB5F6200790A1C /* LinnarBillmanDemoUITests.xctest */ = {isa = PBXFileReference; explicitFileType = wrapper.cfbundle; includeInIndex = 0; path = LinnarBillmanDemoUITests.xctest; sourceTree = BUILT_PRODUCTS_DIR; };
/* End PBXFileReference section */

/* Begin PBXFileSystemSynchronizedBuildFileExceptionSet section */
		6453E0392CEB629800790A1C /* Exceptions for "LinnarBillmanDemo" folder in "LinnarBillmanDemo" target */ = {
			isa = PBXFileSystemSynchronizedBuildFileExceptionSet;
			membershipExceptions = (
				Info.plist,
			);
			target = 6453DFC42CEB5F6000790A1C /* LinnarBillmanDemo */;
		};
		6453E08C2CEB89FD00790A1C /* Exceptions for "LinnarBillmanDemo" folder in "LinnarBillmanDemoTests" target */ = {
			isa = PBXFileSystemSynchronizedBuildFileExceptionSet;
			membershipExceptions = (
				API/APIClient.swift,
				API/Router.swift,
				Assets/Localization/Localizable.xcstrings,
				Helpers/UserDefaultsHelper.swift,
				Models/Movie.swift,
				Models/User.swift,
			);
			target = 6453DFD52CEB5F6200790A1C /* LinnarBillmanDemoTests */;
		};
		6453E08D2CEB89FD00790A1C /* Exceptions for "LinnarBillmanDemo" folder in "LinnarBillmanDemoUITests" target */ = {
			isa = PBXFileSystemSynchronizedBuildFileExceptionSet;
			membershipExceptions = (
				API/APIClient.swift,
				API/Router.swift,
				Assets/Localization/Localizable.xcstrings,
				Helpers/UserDefaultsHelper.swift,
				Models/Movie.swift,
				Models/User.swift,
			);
			target = 6453DFDF2CEB5F6200790A1C /* LinnarBillmanDemoUITests */;
		};
/* End PBXFileSystemSynchronizedBuildFileExceptionSet section */

/* Begin PBXFileSystemSynchronizedRootGroup section */
		6453DFC72CEB5F6000790A1C /* LinnarBillmanDemo */ = {
			isa = PBXFileSystemSynchronizedRootGroup;
			exceptions = (
				6453E0392CEB629800790A1C /* Exceptions for "LinnarBillmanDemo" folder in "LinnarBillmanDemo" target */,
				6453E08C2CEB89FD00790A1C /* Exceptions for "LinnarBillmanDemo" folder in "LinnarBillmanDemoTests" target */,
				6453E08D2CEB89FD00790A1C /* Exceptions for "LinnarBillmanDemo" folder in "LinnarBillmanDemoUITests" target */,
			);
			path = LinnarBillmanDemo;
			sourceTree = "<group>";
		};
		6453DFD92CEB5F6200790A1C /* LinnarBillmanDemoTests */ = {
			isa = PBXFileSystemSynchronizedRootGroup;
			path = LinnarBillmanDemoTests;
			sourceTree = "<group>";
		};
		6453DFE32CEB5F6200790A1C /* LinnarBillmanDemoUITests */ = {
			isa = PBXFileSystemSynchronizedRootGroup;
			path = LinnarBillmanDemoUITests;
			sourceTree = "<group>";
		};
/* End PBXFileSystemSynchronizedRootGroup section */

/* Begin PBXFrameworksBuildPhase section */
		6453DFC22CEB5F6000790A1C /* Frameworks */ = {
			isa = PBXFrameworksBuildPhase;
			buildActionMask = 2147483647;
			files = (
			);
			runOnlyForDeploymentPostprocessing = 0;
		};
		6453DFD32CEB5F6200790A1C /* Frameworks */ = {
			isa = PBXFrameworksBuildPhase;
			buildActionMask = 2147483647;
			files = (
			);
			runOnlyForDeploymentPostprocessing = 0;
		};
		6453DFDD2CEB5F6200790A1C /* Frameworks */ = {
			isa = PBXFrameworksBuildPhase;
			buildActionMask = 2147483647;
			files = (
			);
			runOnlyForDeploymentPostprocessing = 0;
		};
/* End PBXFrameworksBuildPhase section */

/* Begin PBXGroup section */
		6453DFBC2CEB5F6000790A1C = {
			isa = PBXGroup;
			children = (
				6453DFC72CEB5F6000790A1C /* LinnarBillmanDemo */,
				6453DFD92CEB5F6200790A1C /* LinnarBillmanDemoTests */,
				6453DFE32CEB5F6200790A1C /* LinnarBillmanDemoUITests */,
				6453DFC62CEB5F6000790A1C /* Products */,
			);
			sourceTree = "<group>";
		};
		6453DFC62CEB5F6000790A1C /* Products */ = {
			isa = PBXGroup;
			children = (
				6453DFC52CEB5F6000790A1C /* LinnarBillmanDemo.app */,
				6453DFD62CEB5F6200790A1C /* LinnarBillmanDemoTests.xctest */,
				6453DFE02CEB5F6200790A1C /* LinnarBillmanDemoUITests.xctest */,
			);
			name = Products;
			sourceTree = "<group>";
		};
/* End PBXGroup section */

/* Begin PBXNativeTarget section */
		6453DFC42CEB5F6000790A1C /* LinnarBillmanDemo */ = {
			isa = PBXNativeTarget;
			buildConfigurationList = 6453DFEA2CEB5F6200790A1C /* Build configuration list for PBXNativeTarget "LinnarBillmanDemo" */;
			buildPhases = (
				6453DFC12CEB5F6000790A1C /* Sources */,
				6453DFC22CEB5F6000790A1C /* Frameworks */,
				6453DFC32CEB5F6000790A1C /* Resources */,
			);
			buildRules = (
			);
			dependencies = (
			);
			fileSystemSynchronizedGroups = (
				6453DFC72CEB5F6000790A1C /* LinnarBillmanDemo */,
			);
			name = LinnarBillmanDemo;
			packageProductDependencies = (
			);
			productName = LinnarBillmanDemo;
			productReference = 6453DFC52CEB5F6000790A1C /* LinnarBillmanDemo.app */;
			productType = "com.apple.product-type.application";
		};
		6453DFD52CEB5F6200790A1C /* LinnarBillmanDemoTests */ = {
			isa = PBXNativeTarget;
			buildConfigurationList = 6453DFED2CEB5F6200790A1C /* Build configuration list for PBXNativeTarget "LinnarBillmanDemoTests" */;
			buildPhases = (
				6453DFD22CEB5F6200790A1C /* Sources */,
				6453DFD32CEB5F6200790A1C /* Frameworks */,
				6453DFD42CEB5F6200790A1C /* Resources */,
			);
			buildRules = (
			);
			dependencies = (
				6453DFD82CEB5F6200790A1C /* PBXTargetDependency */,
			);
			fileSystemSynchronizedGroups = (
				6453DFD92CEB5F6200790A1C /* LinnarBillmanDemoTests */,
			);
			name = LinnarBillmanDemoTests;
			packageProductDependencies = (
			);
			productName = LinnarBillmanDemoTests;
			productReference = 6453DFD62CEB5F6200790A1C /* LinnarBillmanDemoTests.xctest */;
			productType = "com.apple.product-type.bundle.unit-test";
		};
		6453DFDF2CEB5F6200790A1C /* LinnarBillmanDemoUITests */ = {
			isa = PBXNativeTarget;
			buildConfigurationList = 6453DFF02CEB5F6200790A1C /* Build configuration list for PBXNativeTarget "LinnarBillmanDemoUITests" */;
			buildPhases = (
				6453DFDC2CEB5F6200790A1C /* Sources */,
				6453DFDD2CEB5F6200790A1C /* Frameworks */,
				6453DFDE2CEB5F6200790A1C /* Resources */,
			);
			buildRules = (
			);
			dependencies = (
				6453DFE22CEB5F6200790A1C /* PBXTargetDependency */,
			);
			fileSystemSynchronizedGroups = (
				6453DFE32CEB5F6200790A1C /* LinnarBillmanDemoUITests */,
			);
			name = LinnarBillmanDemoUITests;
			packageProductDependencies = (
			);
			productName = LinnarBillmanDemoUITests;
			productReference = 6453DFE02CEB5F6200790A1C /* LinnarBillmanDemoUITests.xctest */;
			productType = "com.apple.product-type.bundle.ui-testing";
		};
/* End PBXNativeTarget section */

/* Begin PBXProject section */
		6453DFBD2CEB5F6000790A1C /* Project object */ = {
			isa = PBXProject;
			attributes = {
				BuildIndependentTargetsInParallel = 1;
				LastSwiftUpdateCheck = 1600;
				LastUpgradeCheck = 1600;
				TargetAttributes = {
					6453DFC42CEB5F6000790A1C = {
						CreatedOnToolsVersion = 16.0;
					};
					6453DFD52CEB5F6200790A1C = {
						CreatedOnToolsVersion = 16.0;
						TestTargetID = 6453DFC42CEB5F6000790A1C;
					};
					6453DFDF2CEB5F6200790A1C = {
						CreatedOnToolsVersion = 16.0;
						TestTargetID = 6453DFC42CEB5F6000790A1C;
					};
				};
			};
			buildConfigurationList = 6453DFC02CEB5F6000790A1C /* Build configuration list for PBXProject "LinnarBillmanDemo" */;
			developmentRegion = en;
			hasScannedForEncodings = 0;
			knownRegions = (
				en,
				Base,
				sv,
			);
			mainGroup = 6453DFBC2CEB5F6000790A1C;
			minimizedProjectReferenceProxies = 1;
			preferredProjectObjectVersion = 77;
			productRefGroup = 6453DFC62CEB5F6000790A1C /* Products */;
			projectDirPath = "";
			projectRoot = "";
			targets = (
				6453DFC42CEB5F6000790A1C /* LinnarBillmanDemo */,
				6453DFD52CEB5F6200790A1C /* LinnarBillmanDemoTests */,
				6453DFDF2CEB5F6200790A1C /* LinnarBillmanDemoUITests */,
			);
		};
/* End PBXProject section */

/* Begin PBXResourcesBuildPhase section */
		6453DFC32CEB5F6000790A1C /* Resources */ = {
			isa = PBXResourcesBuildPhase;
			buildActionMask = 2147483647;
			files = (
			);
			runOnlyForDeploymentPostprocessing = 0;
		};
		6453DFD42CEB5F6200790A1C /* Resources */ = {
			isa = PBXResourcesBuildPhase;
			buildActionMask = 2147483647;
			files = (
			);
			runOnlyForDeploymentPostprocessing = 0;
		};
		6453DFDE2CEB5F6200790A1C /* Resources */ = {
			isa = PBXResourcesBuildPhase;
			buildActionMask = 2147483647;
			files = (
			);
			runOnlyForDeploymentPostprocessing = 0;
		};
/* End PBXResourcesBuildPhase section */

/* Begin PBXSourcesBuildPhase section */
		6453DFC12CEB5F6000790A1C /* Sources */ = {
			isa = PBXSourcesBuildPhase;
			buildActionMask = 2147483647;
			files = (
			);
			runOnlyForDeploymentPostprocessing = 0;
		};
		6453DFD22CEB5F6200790A1C /* Sources */ = {
			isa = PBXSourcesBuildPhase;
			buildActionMask = 2147483647;
			files = (
			);
			runOnlyForDeploymentPostprocessing = 0;
		};
		6453DFDC2CEB5F6200790A1C /* Sources */ = {
			isa = PBXSourcesBuildPhase;
			buildActionMask = 2147483647;
			files = (
			);
			runOnlyForDeploymentPostprocessing = 0;
		};
/* End PBXSourcesBuildPhase section */

/* Begin PBXTargetDependency section */
		6453DFD82CEB5F6200790A1C /* PBXTargetDependency */ = {
			isa = PBXTargetDependency;
			target = 6453DFC42CEB5F6000790A1C /* LinnarBillmanDemo */;
			targetProxy = 6453DFD72CEB5F6200790A1C /* PBXContainerItemProxy */;
		};
		6453DFE22CEB5F6200790A1C /* PBXTargetDependency */ = {
			isa = PBXTargetDependency;
			target = 6453DFC42CEB5F6000790A1C /* LinnarBillmanDemo */;
			targetProxy = 6453DFE12CEB5F6200790A1C /* PBXContainerItemProxy */;
		};
/* End PBXTargetDependency section */

/* Begin XCBuildConfiguration section */
		6453DFE82CEB5F6200790A1C /* Debug */ = {
			isa = XCBuildConfiguration;
			buildSettings = {
				ALWAYS_SEARCH_USER_PATHS = NO;
				ASSETCATALOG_COMPILER_GENERATE_SWIFT_ASSET_SYMBOL_EXTENSIONS = YES;
				CLANG_ANALYZER_NONNULL = YES;
				CLANG_ANALYZER_NUMBER_OBJECT_CONVERSION = YES_AGGRESSIVE;
				CLANG_CXX_LANGUAGE_STANDARD = "gnu++20";
				CLANG_ENABLE_MODULES = YES;
				CLANG_ENABLE_OBJC_ARC = YES;
				CLANG_ENABLE_OBJC_WEAK = YES;
				CLANG_WARN_BLOCK_CAPTURE_AUTORELEASING = YES;
				CLANG_WARN_BOOL_CONVERSION = YES;
				CLANG_WARN_COMMA = YES;
				CLANG_WARN_CONSTANT_CONVERSION = YES;
				CLANG_WARN_DEPRECATED_OBJC_IMPLEMENTATIONS = YES;
				CLANG_WARN_DIRECT_OBJC_ISA_USAGE = YES_ERROR;
				CLANG_WARN_DOCUMENTATION_COMMENTS = YES;
				CLANG_WARN_EMPTY_BODY = YES;
				CLANG_WARN_ENUM_CONVERSION = YES;
				CLANG_WARN_INFINITE_RECURSION = YES;
				CLANG_WARN_INT_CONVERSION = YES;
				CLANG_WARN_NON_LITERAL_NULL_CONVERSION = YES;
				CLANG_WARN_OBJC_IMPLICIT_RETAIN_SELF = YES;
				CLANG_WARN_OBJC_LITERAL_CONVERSION = YES;
				CLANG_WARN_OBJC_ROOT_CLASS = YES_ERROR;
				CLANG_WARN_QUOTED_INCLUDE_IN_FRAMEWORK_HEADER = YES;
				CLANG_WARN_RANGE_LOOP_ANALYSIS = YES;
				CLANG_WARN_STRICT_PROTOTYPES = YES;
				CLANG_WARN_SUSPICIOUS_MOVE = YES;
				CLANG_WARN_UNGUARDED_AVAILABILITY = YES_AGGRESSIVE;
				CLANG_WARN_UNREACHABLE_CODE = YES;
				CLANG_WARN__DUPLICATE_METHOD_MATCH = YES;
				COPY_PHASE_STRIP = NO;
				DEBUG_INFORMATION_FORMAT = dwarf;
				ENABLE_STRICT_OBJC_MSGSEND = YES;
				ENABLE_TESTABILITY = YES;
				ENABLE_USER_SCRIPT_SANDBOXING = YES;
				GCC_C_LANGUAGE_STANDARD = gnu17;
				GCC_DYNAMIC_NO_PIC = NO;
				GCC_NO_COMMON_BLOCKS = YES;
				GCC_OPTIMIZATION_LEVEL = 0;
				GCC_PREPROCESSOR_DEFINITIONS = (
					"DEBUG=1",
					"$(inherited)",
				);
				GCC_WARN_64_TO_32_BIT_CONVERSION = YES;
				GCC_WARN_ABOUT_RETURN_TYPE = YES_ERROR;
				GCC_WARN_UNDECLARED_SELECTOR = YES;
				GCC_WARN_UNINITIALIZED_AUTOS = YES_AGGRESSIVE;
				GCC_WARN_UNUSED_FUNCTION = YES;
				GCC_WARN_UNUSED_VARIABLE = YES;
				LOCALIZATION_PREFERS_STRING_CATALOGS = YES;
				MTL_ENABLE_DEBUG_INFO = INCLUDE_SOURCE;
				MTL_FAST_MATH = YES;
				ONLY_ACTIVE_ARCH = YES;
				SWIFT_ACTIVE_COMPILATION_CONDITIONS = "DEBUG $(inherited)";
				SWIFT_EMIT_LOC_STRINGS = YES;
				SWIFT_OPTIMIZATION_LEVEL = "-Onone";
			};
			name = Debug;
		};
		6453DFE92CEB5F6200790A1C /* Release */ = {
			isa = XCBuildConfiguration;
			buildSettings = {
				ALWAYS_SEARCH_USER_PATHS = NO;
				ASSETCATALOG_COMPILER_GENERATE_SWIFT_ASSET_SYMBOL_EXTENSIONS = YES;
				CLANG_ANALYZER_NONNULL = YES;
				CLANG_ANALYZER_NUMBER_OBJECT_CONVERSION = YES_AGGRESSIVE;
				CLANG_CXX_LANGUAGE_STANDARD = "gnu++20";
				CLANG_ENABLE_MODULES = YES;
				CLANG_ENABLE_OBJC_ARC = YES;
				CLANG_ENABLE_OBJC_WEAK = YES;
				CLANG_WARN_BLOCK_CAPTURE_AUTORELEASING = YES;
				CLANG_WARN_BOOL_CONVERSION = YES;
				CLANG_WARN_COMMA = YES;
				CLANG_WARN_CONSTANT_CONVERSION = YES;
				CLANG_WARN_DEPRECATED_OBJC_IMPLEMENTATIONS = YES;
				CLANG_WARN_DIRECT_OBJC_ISA_USAGE = YES_ERROR;
				CLANG_WARN_DOCUMENTATION_COMMENTS = YES;
				CLANG_WARN_EMPTY_BODY = YES;
				CLANG_WARN_ENUM_CONVERSION = YES;
				CLANG_WARN_INFINITE_RECURSION = YES;
				CLANG_WARN_INT_CONVERSION = YES;
				CLANG_WARN_NON_LITERAL_NULL_CONVERSION = YES;
				CLANG_WARN_OBJC_IMPLICIT_RETAIN_SELF = YES;
				CLANG_WARN_OBJC_LITERAL_CONVERSION = YES;
				CLANG_WARN_OBJC_ROOT_CLASS = YES_ERROR;
				CLANG_WARN_QUOTED_INCLUDE_IN_FRAMEWORK_HEADER = YES;
				CLANG_WARN_RANGE_LOOP_ANALYSIS = YES;
				CLANG_WARN_STRICT_PROTOTYPES = YES;
				CLANG_WARN_SUSPICIOUS_MOVE = YES;
				CLANG_WARN_UNGUARDED_AVAILABILITY = YES_AGGRESSIVE;
				CLANG_WARN_UNREACHABLE_CODE = YES;
				CLANG_WARN__DUPLICATE_METHOD_MATCH = YES;
				COPY_PHASE_STRIP = NO;
				DEBUG_INFORMATION_FORMAT = "dwarf-with-dsym";
				ENABLE_NS_ASSERTIONS = NO;
				ENABLE_STRICT_OBJC_MSGSEND = YES;
				ENABLE_USER_SCRIPT_SANDBOXING = YES;
				GCC_C_LANGUAGE_STANDARD = gnu17;
				GCC_NO_COMMON_BLOCKS = YES;
				GCC_WARN_64_TO_32_BIT_CONVERSION = YES;
				GCC_WARN_ABOUT_RETURN_TYPE = YES_ERROR;
				GCC_WARN_UNDECLARED_SELECTOR = YES;
				GCC_WARN_UNINITIALIZED_AUTOS = YES_AGGRESSIVE;
				GCC_WARN_UNUSED_FUNCTION = YES;
				GCC_WARN_UNUSED_VARIABLE = YES;
				LOCALIZATION_PREFERS_STRING_CATALOGS = YES;
				MTL_ENABLE_DEBUG_INFO = NO;
				MTL_FAST_MATH = YES;
				SWIFT_COMPILATION_MODE = wholemodule;
				SWIFT_EMIT_LOC_STRINGS = YES;
			};
			name = Release;
		};
		6453DFEB2CEB5F6200790A1C /* Debug */ = {
			isa = XCBuildConfiguration;
			buildSettings = {
				ASSETCATALOG_COMPILER_APPICON_NAME = AppIcon;
				ASSETCATALOG_COMPILER_GLOBAL_ACCENT_COLOR_NAME = AccentColor;
				CODE_SIGN_ENTITLEMENTS = LinnarBillmanDemo/LinnarBillmanDemo.entitlements;
				CODE_SIGN_STYLE = Automatic;
				CURRENT_PROJECT_VERSION = 1;
				DEVELOPMENT_ASSET_PATHS = "\"LinnarBillmanDemo/Preview Content\"";
				ENABLE_PREVIEWS = YES;
				GENERATE_INFOPLIST_FILE = YES;
				INFOPLIST_FILE = LinnarBillmanDemo/Info.plist;
				"INFOPLIST_KEY_UIApplicationSceneManifest_Generation[sdk=iphoneos*]" = YES;
				"INFOPLIST_KEY_UIApplicationSceneManifest_Generation[sdk=iphonesimulator*]" = YES;
				"INFOPLIST_KEY_UIApplicationSupportsIndirectInputEvents[sdk=iphoneos*]" = YES;
				"INFOPLIST_KEY_UIApplicationSupportsIndirectInputEvents[sdk=iphonesimulator*]" = YES;
				"INFOPLIST_KEY_UILaunchScreen_Generation[sdk=iphoneos*]" = YES;
				"INFOPLIST_KEY_UILaunchScreen_Generation[sdk=iphonesimulator*]" = YES;
				"INFOPLIST_KEY_UIStatusBarStyle[sdk=iphoneos*]" = UIStatusBarStyleDefault;
				"INFOPLIST_KEY_UIStatusBarStyle[sdk=iphonesimulator*]" = UIStatusBarStyleDefault;
				INFOPLIST_KEY_UISupportedInterfaceOrientations_iPad = "UIInterfaceOrientationPortrait UIInterfaceOrientationPortraitUpsideDown UIInterfaceOrientationLandscapeLeft UIInterfaceOrientationLandscapeRight";
				INFOPLIST_KEY_UISupportedInterfaceOrientations_iPhone = "UIInterfaceOrientationPortrait UIInterfaceOrientationLandscapeLeft UIInterfaceOrientationLandscapeRight";
				IPHONEOS_DEPLOYMENT_TARGET = 18.0;
				LD_RUNPATH_SEARCH_PATHS = "@executable_path/Frameworks";
				"LD_RUNPATH_SEARCH_PATHS[sdk=macosx*]" = "@executable_path/../Frameworks";
				MACOSX_DEPLOYMENT_TARGET = 15.0;
				MARKETING_VERSION = 1.0;
				PRODUCT_BUNDLE_IDENTIFIER = LB.LinnarBillmanDemo;
				PRODUCT_NAME = "$(TARGET_NAME)";
				SDKROOT = auto;
				SUPPORTED_PLATFORMS = "iphoneos iphonesimulator macosx xros xrsimulator";
				SWIFT_EMIT_LOC_STRINGS = YES;
				SWIFT_VERSION = 5.0;
				TARGETED_DEVICE_FAMILY = "1,2,7";
				XROS_DEPLOYMENT_TARGET = 2.0;
			};
			name = Debug;
		};
		6453DFEC2CEB5F6200790A1C /* Release */ = {
			isa = XCBuildConfiguration;
			buildSettings = {
				ASSETCATALOG_COMPILER_APPICON_NAME = AppIcon;
				ASSETCATALOG_COMPILER_GLOBAL_ACCENT_COLOR_NAME = AccentColor;
				CODE_SIGN_ENTITLEMENTS = LinnarBillmanDemo/LinnarBillmanDemo.entitlements;
				CODE_SIGN_STYLE = Automatic;
				CURRENT_PROJECT_VERSION = 1;
				DEVELOPMENT_ASSET_PATHS = "\"LinnarBillmanDemo/Preview Content\"";
				ENABLE_PREVIEWS = YES;
				GENERATE_INFOPLIST_FILE = YES;
				INFOPLIST_FILE = LinnarBillmanDemo/Info.plist;
				"INFOPLIST_KEY_UIApplicationSceneManifest_Generation[sdk=iphoneos*]" = YES;
				"INFOPLIST_KEY_UIApplicationSceneManifest_Generation[sdk=iphonesimulator*]" = YES;
				"INFOPLIST_KEY_UIApplicationSupportsIndirectInputEvents[sdk=iphoneos*]" = YES;
				"INFOPLIST_KEY_UIApplicationSupportsIndirectInputEvents[sdk=iphonesimulator*]" = YES;
				"INFOPLIST_KEY_UILaunchScreen_Generation[sdk=iphoneos*]" = YES;
				"INFOPLIST_KEY_UILaunchScreen_Generation[sdk=iphonesimulator*]" = YES;
				"INFOPLIST_KEY_UIStatusBarStyle[sdk=iphoneos*]" = UIStatusBarStyleDefault;
				"INFOPLIST_KEY_UIStatusBarStyle[sdk=iphonesimulator*]" = UIStatusBarStyleDefault;
				INFOPLIST_KEY_UISupportedInterfaceOrientations_iPad = "UIInterfaceOrientationPortrait UIInterfaceOrientationPortraitUpsideDown UIInterfaceOrientationLandscapeLeft UIInterfaceOrientationLandscapeRight";
				INFOPLIST_KEY_UISupportedInterfaceOrientations_iPhone = "UIInterfaceOrientationPortrait UIInterfaceOrientationLandscapeLeft UIInterfaceOrientationLandscapeRight";
				IPHONEOS_DEPLOYMENT_TARGET = 18.0;
				LD_RUNPATH_SEARCH_PATHS = "@executable_path/Frameworks";
				"LD_RUNPATH_SEARCH_PATHS[sdk=macosx*]" = "@executable_path/../Frameworks";
				MACOSX_DEPLOYMENT_TARGET = 15.0;
				MARKETING_VERSION = 1.0;
				PRODUCT_BUNDLE_IDENTIFIER = LB.LinnarBillmanDemo;
				PRODUCT_NAME = "$(TARGET_NAME)";
				SDKROOT = auto;
				SUPPORTED_PLATFORMS = "iphoneos iphonesimulator macosx xros xrsimulator";
				SWIFT_EMIT_LOC_STRINGS = YES;
				SWIFT_VERSION = 5.0;
				TARGETED_DEVICE_FAMILY = "1,2,7";
				XROS_DEPLOYMENT_TARGET = 2.0;
			};
			name = Release;
		};
		6453DFEE2CEB5F6200790A1C /* Debug */ = {
			isa = XCBuildConfiguration;
			buildSettings = {
				BUNDLE_LOADER = "$(TEST_HOST)";
				CODE_SIGN_STYLE = Automatic;
				CURRENT_PROJECT_VERSION = 1;
				GENERATE_INFOPLIST_FILE = YES;
				IPHONEOS_DEPLOYMENT_TARGET = 18.0;
				MACOSX_DEPLOYMENT_TARGET = 15.0;
				MARKETING_VERSION = 1.0;
				PRODUCT_BUNDLE_IDENTIFIER = LB.LinnarBillmanDemoTests;
				PRODUCT_NAME = "$(TARGET_NAME)";
				SDKROOT = auto;
				SUPPORTED_PLATFORMS = "iphoneos iphonesimulator macosx xros xrsimulator";
				SWIFT_EMIT_LOC_STRINGS = NO;
				SWIFT_VERSION = 5.0;
				TARGETED_DEVICE_FAMILY = "1,2,7";
				TEST_HOST = "$(BUILT_PRODUCTS_DIR)/LinnarBillmanDemo.app/$(BUNDLE_EXECUTABLE_FOLDER_PATH)/LinnarBillmanDemo";
				XROS_DEPLOYMENT_TARGET = 2.0;
			};
			name = Debug;
		};
		6453DFEF2CEB5F6200790A1C /* Release */ = {
			isa = XCBuildConfiguration;
			buildSettings = {
				BUNDLE_LOADER = "$(TEST_HOST)";
				CODE_SIGN_STYLE = Automatic;
				CURRENT_PROJECT_VERSION = 1;
				GENERATE_INFOPLIST_FILE = YES;
				IPHONEOS_DEPLOYMENT_TARGET = 18.0;
				MACOSX_DEPLOYMENT_TARGET = 15.0;
				MARKETING_VERSION = 1.0;
				PRODUCT_BUNDLE_IDENTIFIER = LB.LinnarBillmanDemoTests;
				PRODUCT_NAME = "$(TARGET_NAME)";
				SDKROOT = auto;
				SUPPORTED_PLATFORMS = "iphoneos iphonesimulator macosx xros xrsimulator";
				SWIFT_EMIT_LOC_STRINGS = NO;
				SWIFT_VERSION = 5.0;
				TARGETED_DEVICE_FAMILY = "1,2,7";
				TEST_HOST = "$(BUILT_PRODUCTS_DIR)/LinnarBillmanDemo.app/$(BUNDLE_EXECUTABLE_FOLDER_PATH)/LinnarBillmanDemo";
				XROS_DEPLOYMENT_TARGET = 2.0;
			};
			name = Release;
		};
		6453DFF12CEB5F6200790A1C /* Debug */ = {
			isa = XCBuildConfiguration;
			buildSettings = {
				CODE_SIGN_STYLE = Automatic;
				CURRENT_PROJECT_VERSION = 1;
				GENERATE_INFOPLIST_FILE = YES;
				IPHONEOS_DEPLOYMENT_TARGET = 18.0;
				MACOSX_DEPLOYMENT_TARGET = 15.0;
				MARKETING_VERSION = 1.0;
				PRODUCT_BUNDLE_IDENTIFIER = LB.LinnarBillmanDemoUITests;
				PRODUCT_NAME = "$(TARGET_NAME)";
				SDKROOT = auto;
				SUPPORTED_PLATFORMS = "iphoneos iphonesimulator macosx xros xrsimulator";
				SWIFT_EMIT_LOC_STRINGS = NO;
				SWIFT_VERSION = 5.0;
				TARGETED_DEVICE_FAMILY = "1,2,7";
				TEST_TARGET_NAME = LinnarBillmanDemo;
				XROS_DEPLOYMENT_TARGET = 2.0;
			};
			name = Debug;
		};
		6453DFF22CEB5F6200790A1C /* Release */ = {
			isa = XCBuildConfiguration;
			buildSettings = {
				CODE_SIGN_STYLE = Automatic;
				CURRENT_PROJECT_VERSION = 1;
				GENERATE_INFOPLIST_FILE = YES;
				IPHONEOS_DEPLOYMENT_TARGET = 18.0;
				MACOSX_DEPLOYMENT_TARGET = 15.0;
				MARKETING_VERSION = 1.0;
				PRODUCT_BUNDLE_IDENTIFIER = LB.LinnarBillmanDemoUITests;
				PRODUCT_NAME = "$(TARGET_NAME)";
				SDKROOT = auto;
				SUPPORTED_PLATFORMS = "iphoneos iphonesimulator macosx xros xrsimulator";
				SWIFT_EMIT_LOC_STRINGS = NO;
				SWIFT_VERSION = 5.0;
				TARGETED_DEVICE_FAMILY = "1,2,7";
				TEST_TARGET_NAME = LinnarBillmanDemo;
				XROS_DEPLOYMENT_TARGET = 2.0;
			};
			name = Release;
		};
/* End XCBuildConfiguration section */

/* Begin XCConfigurationList section */
		6453DFC02CEB5F6000790A1C /* Build configuration list for PBXProject "LinnarBillmanDemo" */ = {
			isa = XCConfigurationList;
			buildConfigurations = (
				6453DFE82CEB5F6200790A1C /* Debug */,
				6453DFE92CEB5F6200790A1C /* Release */,
			);
			defaultConfigurationIsVisible = 0;
			defaultConfigurationName = Release;
		};
		6453DFEA2CEB5F6200790A1C /* Build configuration list for PBXNativeTarget "LinnarBillmanDemo" */ = {
			isa = XCConfigurationList;
			buildConfigurations = (
				6453DFEB2CEB5F6200790A1C /* Debug */,
				6453DFEC2CEB5F6200790A1C /* Release */,
			);
			defaultConfigurationIsVisible = 0;
			defaultConfigurationName = Release;
		};
		6453DFED2CEB5F6200790A1C /* Build configuration list for PBXNativeTarget "LinnarBillmanDemoTests" */ = {
			isa = XCConfigurationList;
			buildConfigurations = (
				6453DFEE2CEB5F6200790A1C /* Debug */,
				6453DFEF2CEB5F6200790A1C /* Release */,
			);
			defaultConfigurationIsVisible = 0;
			defaultConfigurationName = Release;
		};
		6453DFF02CEB5F6200790A1C /* Build configuration list for PBXNativeTarget "LinnarBillmanDemoUITests" */ = {
			isa = XCConfigurationList;
			buildConfigurations = (
				6453DFF12CEB5F6200790A1C /* Debug */,
				6453DFF22CEB5F6200790A1C /* Release */,
			);
			defaultConfigurationIsVisible = 0;
			defaultConfigurationName = Release;
		};
/* End XCConfigurationList section */
	};
	rootObject = 6453DFBD2CEB5F6000790A1C /* Project object */;
}
